
Microsoft Visual Studio Solution File, Format Version 12.00
# Visual Studio Version 17
VisualStudioVersion = 17.13.35806.99
MinimumVisualStudioVersion = 10.0.40219.1
Project("{FAE04EC0-301F-11D3-BF4B-00C04F79EFBC}") = "EShopService", "EShopService\EShopService.csproj", "{91F81F87-AF68-44A9-9614-295C7FC0515E}"
EndProject
Project("{FAE04EC0-301F-11D3-BF4B-00C04F79EFBC}") = "EShop.Application", "EShop.Application\EShop.Application.csproj", "{C5BCA0BF-8536-4CBE-B880-9DE95A5D7EE8}"
EndProject
Project("{FAE04EC0-301F-11D3-BF4B-00C04F79EFBC}") = "EShop.Application.Tests", "EShop.Application.Tests\EShop.Application.Tests.csproj", "{30CEA913-4BCF-41EA-919C-6B16A808131F}"
EndProject
Project("{FAE04EC0-301F-11D3-BF4B-00C04F79EFBC}") = "EShop.Domain", "EShop.Domain\EShop.Domain.csproj", "{DCDB77FE-78C9-4DBF-AD6E-313622053F6B}"
EndProject
Project("{FAE04EC0-301F-11D3-BF4B-00C04F79EFBC}") = "EShop.Domain.Tests", "EShop.Domain.Tests\EShop.Domain.Tests.csproj", "{EB09680A-239D-495C-88D2-65E356592578}"
EndProject
Project("{2150E333-8FDC-42A3-9474-1A3956D46DE8}") = "test", "test", "{02EA681E-C7D8-13C7-8484-4AC65E1B71E8}"
EndProject
Project("{FAE04EC0-301F-11D3-BF4B-00C04F79EFBC}") = "EShopService.Tests", "EShopService.Tests\EShopService.Tests.csproj", "{810478AA-1AB7-409F-91CD-80F43685DF88}"
EndProject
Project("{FAE04EC0-301F-11D3-BF4B-00C04F79EFBC}") = "EShopService.IntegrationTests", "EShopService.IntegrationTests\EShopService.IntegrationTests.csproj", "{C946D5AB-9A7E-41CB-B066-DCC9892813F0}"
EndProject
Project("{2150E333-8FDC-42A3-9474-1A3956D46DE8}") = "EShop", "EShop", "{B9FFFED8-5ED3-489C-8A3F-B08EEAD3776D}"
EndProject
Project("{2150E333-8FDC-42A3-9474-1A3956D46DE8}") = "User", "User", "{2641E901-8C81-419E-BA64-EDCCA2193C44}"
EndProject
Project("{FAE04EC0-301F-11D3-BF4B-00C04F79EFBC}") = "UserService", "UserService\UserService.csproj", "{4B2BF863-4E9A-4F87-9FC9-AF37D3F34573}"
EndProject
Project("{FAE04EC0-301F-11D3-BF4B-00C04F79EFBC}") = "User.Domain", "User.Domain\User.Domain.csproj", "{88DBCC45-BC15-47C4-832A-1FC620103218}"
EndProject
Project("{FAE04EC0-301F-11D3-BF4B-00C04F79EFBC}") = "User.Application", "User.Application\User.Application.csproj", "{13D9F981-2150-4862-BEC1-F45E8E827228}"
EndProject
Project("{2150E333-8FDC-42A3-9474-1A3956D46DE8}") = "Notification", "Notification", "{311B53AC-A0C9-477C-90C6-1B63BA30624C}"
EndProject
Project("{FAE04EC0-301F-11D3-BF4B-00C04F79EFBC}") = "NotificationService", "NotificationService\NotificationService.csproj", "{69D8CE4C-A962-45C3-921F-8CB49067D5A5}"
EndProject
Project("{2150E333-8FDC-42A3-9474-1A3956D46DE8}") = "ShoppingCart", "ShoppingCart", "{22C855FA-B0C2-414A-8299-6EB37596CFA4}"
EndProject
Project("{FAE04EC0-301F-11D3-BF4B-00C04F79EFBC}") = "ShoppingCart", "ShoppingCart\ShoppingCart.csproj", "{64994A67-6079-4994-A7E2-BC67E1035BE3}"
EndProject
Project("{FAE04EC0-301F-11D3-BF4B-00C04F79EFBC}") = "ShoppingCart.Domain", "ShoppingCart.Domain\ShoppingCart.Domain.csproj", "{0E89A42A-232B-4B4A-A150-5F48F5A23D68}"
EndProject
Project("{FAE04EC0-301F-11D3-BF4B-00C04F79EFBC}") = "ShoppingCart.Infrastructure", "ShoppingCart.Infrastructure\ShoppingCart.Infrastructure.csproj", "{809C8C44-FC5D-47CC-AB24-B862724EC7D8}"
EndProject
Project("{FAE04EC0-301F-11D3-BF4B-00C04F79EFBC}") = "ShoppingCart.Application", "ShoppingCart.Application\ShoppingCart.Application.csproj", "{68A19DCC-547E-43A3-80FA-5BBF4F31D4FB}"
EndProject
Project("{2150E333-8FDC-42A3-9474-1A3956D46DE8}") = "Solution Items", "Solution Items", "{8EC462FD-D22E-90A8-E5CE-7E832BA40C5D}"
	ProjectSection(SolutionItems) = preProject
		docker-compose.yml = docker-compose.yml
	EndProjectSection
EndProject
Project("{2150E333-8FDC-42A3-9474-1A3956D46DE8}") = "PaymentService", "PaymentService", "{E6F3E3EF-52F2-40B3-86A9-5ADBC402BC3E}"
EndProject
Project("{FAE04EC0-301F-11D3-BF4B-00C04F79EFBC}") = "PaymentService", "PaymentService\PaymentService.csproj", "{28A01704-0605-45C5-8BF5-B4535C07FBFC}"
EndProject
Project("{FAE04EC0-301F-11D3-BF4B-00C04F79EFBC}") = "PaymentService.Domain", "PaymentService.Domain\PaymentService.Domain.csproj", "{2A8F51E7-55F4-46C9-850B-85B96A0AF3AF}"
EndProject
Project("{FAE04EC0-301F-11D3-BF4B-00C04F79EFBC}") = "PaymentService.Application", "PaymentService.Application\PaymentService.Application.csproj", "{08DAB932-7AAF-4BDF-A843-FF9DF6A31E1D}"
EndProject
Project("{FAE04EC0-301F-11D3-BF4B-00C04F79EFBC}") = "PaymentService.Infrastructure", "PaymentService.Infrastructure\PaymentService.Infrastructure.csproj", "{50880724-AF44-4BD4-B3B1-7ADC27EAB519}"
EndProject
Project("{2150E333-8FDC-42A3-9474-1A3956D46DE8}") = "Tests", "Tests", "{B2A85C58-FEE8-4C44-B431-B918689A3EC8}"
EndProject
Project("{FAE04EC0-301F-11D3-BF4B-00C04F79EFBC}") = "PaymentService.Tests", "PaymentService.Tests\PaymentService.Tests.csproj", "{095B5679-1CBC-4025-9D62-251637841064}"
EndProject
Global
	GlobalSection(SolutionConfigurationPlatforms) = preSolution
		Debug|Any CPU = Debug|Any CPU
		Release|Any CPU = Release|Any CPU
	EndGlobalSection
	GlobalSection(ProjectConfigurationPlatforms) = postSolution
		{91F81F87-AF68-44A9-9614-295C7FC0515E}.Debug|Any CPU.ActiveCfg = Debug|Any CPU
		{91F81F87-AF68-44A9-9614-295C7FC0515E}.Debug|Any CPU.Build.0 = Debug|Any CPU
		{91F81F87-AF68-44A9-9614-295C7FC0515E}.Release|Any CPU.ActiveCfg = Release|Any CPU
		{91F81F87-AF68-44A9-9614-295C7FC0515E}.Release|Any CPU.Build.0 = Release|Any CPU
		{C5BCA0BF-8536-4CBE-B880-9DE95A5D7EE8}.Debug|Any CPU.ActiveCfg = Debug|Any CPU
		{C5BCA0BF-8536-4CBE-B880-9DE95A5D7EE8}.Debug|Any CPU.Build.0 = Debug|Any CPU
		{C5BCA0BF-8536-4CBE-B880-9DE95A5D7EE8}.Release|Any CPU.ActiveCfg = Release|Any CPU
		{C5BCA0BF-8536-4CBE-B880-9DE95A5D7EE8}.Release|Any CPU.Build.0 = Release|Any CPU
		{30CEA913-4BCF-41EA-919C-6B16A808131F}.Debug|Any CPU.ActiveCfg = Debug|Any CPU
		{30CEA913-4BCF-41EA-919C-6B16A808131F}.Debug|Any CPU.Build.0 = Debug|Any CPU
		{30CEA913-4BCF-41EA-919C-6B16A808131F}.Release|Any CPU.ActiveCfg = Release|Any CPU
		{30CEA913-4BCF-41EA-919C-6B16A808131F}.Release|Any CPU.Build.0 = Release|Any CPU
		{DCDB77FE-78C9-4DBF-AD6E-313622053F6B}.Debug|Any CPU.ActiveCfg = Debug|Any CPU
		{DCDB77FE-78C9-4DBF-AD6E-313622053F6B}.Debug|Any CPU.Build.0 = Debug|Any CPU
		{DCDB77FE-78C9-4DBF-AD6E-313622053F6B}.Release|Any CPU.ActiveCfg = Release|Any CPU
		{DCDB77FE-78C9-4DBF-AD6E-313622053F6B}.Release|Any CPU.Build.0 = Release|Any CPU
		{EB09680A-239D-495C-88D2-65E356592578}.Debug|Any CPU.ActiveCfg = Debug|Any CPU
		{EB09680A-239D-495C-88D2-65E356592578}.Debug|Any CPU.Build.0 = Debug|Any CPU
		{EB09680A-239D-495C-88D2-65E356592578}.Release|Any CPU.ActiveCfg = Release|Any CPU
		{EB09680A-239D-495C-88D2-65E356592578}.Release|Any CPU.Build.0 = Release|Any CPU
		{810478AA-1AB7-409F-91CD-80F43685DF88}.Debug|Any CPU.ActiveCfg = Debug|Any CPU
		{810478AA-1AB7-409F-91CD-80F43685DF88}.Debug|Any CPU.Build.0 = Debug|Any CPU
		{810478AA-1AB7-409F-91CD-80F43685DF88}.Release|Any CPU.ActiveCfg = Release|Any CPU
		{810478AA-1AB7-409F-91CD-80F43685DF88}.Release|Any CPU.Build.0 = Release|Any CPU
		{C946D5AB-9A7E-41CB-B066-DCC9892813F0}.Debug|Any CPU.ActiveCfg = Debug|Any CPU
		{C946D5AB-9A7E-41CB-B066-DCC9892813F0}.Debug|Any CPU.Build.0 = Debug|Any CPU
		{C946D5AB-9A7E-41CB-B066-DCC9892813F0}.Release|Any CPU.ActiveCfg = Release|Any CPU
		{C946D5AB-9A7E-41CB-B066-DCC9892813F0}.Release|Any CPU.Build.0 = Release|Any CPU
		{4B2BF863-4E9A-4F87-9FC9-AF37D3F34573}.Debug|Any CPU.ActiveCfg = Debug|Any CPU
		{4B2BF863-4E9A-4F87-9FC9-AF37D3F34573}.Debug|Any CPU.Build.0 = Debug|Any CPU
		{4B2BF863-4E9A-4F87-9FC9-AF37D3F34573}.Release|Any CPU.ActiveCfg = Release|Any CPU
		{4B2BF863-4E9A-4F87-9FC9-AF37D3F34573}.Release|Any CPU.Build.0 = Release|Any CPU
		{88DBCC45-BC15-47C4-832A-1FC620103218}.Debug|Any CPU.ActiveCfg = Debug|Any CPU
		{88DBCC45-BC15-47C4-832A-1FC620103218}.Debug|Any CPU.Build.0 = Debug|Any CPU
		{88DBCC45-BC15-47C4-832A-1FC620103218}.Release|Any CPU.ActiveCfg = Release|Any CPU
		{88DBCC45-BC15-47C4-832A-1FC620103218}.Release|Any CPU.Build.0 = Release|Any CPU
		{13D9F981-2150-4862-BEC1-F45E8E827228}.Debug|Any CPU.ActiveCfg = Debug|Any CPU
		{13D9F981-2150-4862-BEC1-F45E8E827228}.Debug|Any CPU.Build.0 = Debug|Any CPU
		{13D9F981-2150-4862-BEC1-F45E8E827228}.Release|Any CPU.ActiveCfg = Release|Any CPU
		{13D9F981-2150-4862-BEC1-F45E8E827228}.Release|Any CPU.Build.0 = Release|Any CPU
		{69D8CE4C-A962-45C3-921F-8CB49067D5A5}.Debug|Any CPU.ActiveCfg = Debug|Any CPU
		{69D8CE4C-A962-45C3-921F-8CB49067D5A5}.Debug|Any CPU.Build.0 = Debug|Any CPU
		{69D8CE4C-A962-45C3-921F-8CB49067D5A5}.Release|Any CPU.ActiveCfg = Release|Any CPU
		{69D8CE4C-A962-45C3-921F-8CB49067D5A5}.Release|Any CPU.Build.0 = Release|Any CPU
		{64994A67-6079-4994-A7E2-BC67E1035BE3}.Debug|Any CPU.ActiveCfg = Debug|Any CPU
		{64994A67-6079-4994-A7E2-BC67E1035BE3}.Debug|Any CPU.Build.0 = Debug|Any CPU
		{64994A67-6079-4994-A7E2-BC67E1035BE3}.Release|Any CPU.ActiveCfg = Release|Any CPU
		{64994A67-6079-4994-A7E2-BC67E1035BE3}.Release|Any CPU.Build.0 = Release|Any CPU
		{0E89A42A-232B-4B4A-A150-5F48F5A23D68}.Debug|Any CPU.ActiveCfg = Debug|Any CPU
		{0E89A42A-232B-4B4A-A150-5F48F5A23D68}.Debug|Any CPU.Build.0 = Debug|Any CPU
		{0E89A42A-232B-4B4A-A150-5F48F5A23D68}.Release|Any CPU.ActiveCfg = Release|Any CPU
		{0E89A42A-232B-4B4A-A150-5F48F5A23D68}.Release|Any CPU.Build.0 = Release|Any CPU
		{809C8C44-FC5D-47CC-AB24-B862724EC7D8}.Debug|Any CPU.ActiveCfg = Debug|Any CPU
		{809C8C44-FC5D-47CC-AB24-B862724EC7D8}.Debug|Any CPU.Build.0 = Debug|Any CPU
		{809C8C44-FC5D-47CC-AB24-B862724EC7D8}.Release|Any CPU.ActiveCfg = Release|Any CPU
		{809C8C44-FC5D-47CC-AB24-B862724EC7D8}.Release|Any CPU.Build.0 = Release|Any CPU
		{68A19DCC-547E-43A3-80FA-5BBF4F31D4FB}.Debug|Any CPU.ActiveCfg = Debug|Any CPU
		{68A19DCC-547E-43A3-80FA-5BBF4F31D4FB}.Debug|Any CPU.Build.0 = Debug|Any CPU
		{68A19DCC-547E-43A3-80FA-5BBF4F31D4FB}.Release|Any CPU.ActiveCfg = Release|Any CPU
		{68A19DCC-547E-43A3-80FA-5BBF4F31D4FB}.Release|Any CPU.Build.0 = Release|Any CPU
		{28A01704-0605-45C5-8BF5-B4535C07FBFC}.Debug|Any CPU.ActiveCfg = Debug|Any CPU
		{28A01704-0605-45C5-8BF5-B4535C07FBFC}.Debug|Any CPU.Build.0 = Debug|Any CPU
		{28A01704-0605-45C5-8BF5-B4535C07FBFC}.Release|Any CPU.ActiveCfg = Release|Any CPU
		{28A01704-0605-45C5-8BF5-B4535C07FBFC}.Release|Any CPU.Build.0 = Release|Any CPU
		{2A8F51E7-55F4-46C9-850B-85B96A0AF3AF}.Debug|Any CPU.ActiveCfg = Debug|Any CPU
		{2A8F51E7-55F4-46C9-850B-85B96A0AF3AF}.Debug|Any CPU.Build.0 = Debug|Any CPU
		{2A8F51E7-55F4-46C9-850B-85B96A0AF3AF}.Release|Any CPU.ActiveCfg = Release|Any CPU
		{2A8F51E7-55F4-46C9-850B-85B96A0AF3AF}.Release|Any CPU.Build.0 = Release|Any CPU
		{08DAB932-7AAF-4BDF-A843-FF9DF6A31E1D}.Debug|Any CPU.ActiveCfg = Debug|Any CPU
		{08DAB932-7AAF-4BDF-A843-FF9DF6A31E1D}.Debug|Any CPU.Build.0 = Debug|Any CPU
		{08DAB932-7AAF-4BDF-A843-FF9DF6A31E1D}.Release|Any CPU.ActiveCfg = Release|Any CPU
		{08DAB932-7AAF-4BDF-A843-FF9DF6A31E1D}.Release|Any CPU.Build.0 = Release|Any CPU
		{50880724-AF44-4BD4-B3B1-7ADC27EAB519}.Debug|Any CPU.ActiveCfg = Debug|Any CPU
		{50880724-AF44-4BD4-B3B1-7ADC27EAB519}.Debug|Any CPU.Build.0 = Debug|Any CPU
		{50880724-AF44-4BD4-B3B1-7ADC27EAB519}.Release|Any CPU.ActiveCfg = Release|Any CPU
		{50880724-AF44-4BD4-B3B1-7ADC27EAB519}.Release|Any CPU.Build.0 = Release|Any CPU
		{095B5679-1CBC-4025-9D62-251637841064}.Debug|Any CPU.ActiveCfg = Debug|Any CPU
		{095B5679-1CBC-4025-9D62-251637841064}.Debug|Any CPU.Build.0 = Debug|Any CPU
		{095B5679-1CBC-4025-9D62-251637841064}.Release|Any CPU.ActiveCfg = Release|Any CPU
		{095B5679-1CBC-4025-9D62-251637841064}.Release|Any CPU.Build.0 = Release|Any CPU
	EndGlobalSection
	GlobalSection(SolutionProperties) = preSolution
		HideSolutionNode = FALSE
	EndGlobalSection
	GlobalSection(NestedProjects) = preSolution
		{91F81F87-AF68-44A9-9614-295C7FC0515E} = {B9FFFED8-5ED3-489C-8A3F-B08EEAD3776D}
		{C5BCA0BF-8536-4CBE-B880-9DE95A5D7EE8} = {B9FFFED8-5ED3-489C-8A3F-B08EEAD3776D}
		{30CEA913-4BCF-41EA-919C-6B16A808131F} = {02EA681E-C7D8-13C7-8484-4AC65E1B71E8}
		{DCDB77FE-78C9-4DBF-AD6E-313622053F6B} = {B9FFFED8-5ED3-489C-8A3F-B08EEAD3776D}
		{EB09680A-239D-495C-88D2-65E356592578} = {02EA681E-C7D8-13C7-8484-4AC65E1B71E8}
		{02EA681E-C7D8-13C7-8484-4AC65E1B71E8} = {B9FFFED8-5ED3-489C-8A3F-B08EEAD3776D}
		{810478AA-1AB7-409F-91CD-80F43685DF88} = {02EA681E-C7D8-13C7-8484-4AC65E1B71E8}
		{C946D5AB-9A7E-41CB-B066-DCC9892813F0} = {02EA681E-C7D8-13C7-8484-4AC65E1B71E8}
		{4B2BF863-4E9A-4F87-9FC9-AF37D3F34573} = {2641E901-8C81-419E-BA64-EDCCA2193C44}
		{88DBCC45-BC15-47C4-832A-1FC620103218} = {2641E901-8C81-419E-BA64-EDCCA2193C44}
		{13D9F981-2150-4862-BEC1-F45E8E827228} = {2641E901-8C81-419E-BA64-EDCCA2193C44}
		{69D8CE4C-A962-45C3-921F-8CB49067D5A5} = {311B53AC-A0C9-477C-90C6-1B63BA30624C}
		{22C855FA-B0C2-414A-8299-6EB37596CFA4} = {B9FFFED8-5ED3-489C-8A3F-B08EEAD3776D}
		{64994A67-6079-4994-A7E2-BC67E1035BE3} = {22C855FA-B0C2-414A-8299-6EB37596CFA4}
		{0E89A42A-232B-4B4A-A150-5F48F5A23D68} = {22C855FA-B0C2-414A-8299-6EB37596CFA4}
		{809C8C44-FC5D-47CC-AB24-B862724EC7D8} = {22C855FA-B0C2-414A-8299-6EB37596CFA4}
		{68A19DCC-547E-43A3-80FA-5BBF4F31D4FB} = {22C855FA-B0C2-414A-8299-6EB37596CFA4}
		{E6F3E3EF-52F2-40B3-86A9-5ADBC402BC3E} = {B9FFFED8-5ED3-489C-8A3F-B08EEAD3776D}
		{28A01704-0605-45C5-8BF5-B4535C07FBFC} = {E6F3E3EF-52F2-40B3-86A9-5ADBC402BC3E}
		{2A8F51E7-55F4-46C9-850B-85B96A0AF3AF} = {E6F3E3EF-52F2-40B3-86A9-5ADBC402BC3E}
		{08DAB932-7AAF-4BDF-A843-FF9DF6A31E1D} = {E6F3E3EF-52F2-40B3-86A9-5ADBC402BC3E}
		{50880724-AF44-4BD4-B3B1-7ADC27EAB519} = {E6F3E3EF-52F2-40B3-86A9-5ADBC402BC3E}
		{B2A85C58-FEE8-4C44-B431-B918689A3EC8} = {E6F3E3EF-52F2-40B3-86A9-5ADBC402BC3E}
		{095B5679-1CBC-4025-9D62-251637841064} = {B2A85C58-FEE8-4C44-B431-B918689A3EC8}
	EndGlobalSection
	GlobalSection(ExtensibilityGlobals) = postSolution
		SolutionGuid = {233E5992-9E95-4D32-9DB9-747ADC5A4A0B}
	EndGlobalSection
EndGlobal
